
Microsoft Visual Studio Solution File, Format Version 12.00
# Visual Studio Version 17
VisualStudioVersion = 17.7.34031.279
MinimumVisualStudioVersion = 10.0.40219.1
Project("{FAE04EC0-301F-11D3-BF4B-00C04F79EFBC}") = "WindowsFormsApp1", "WindowsFormsApp1\WindowsFormsApp1.csproj", "{B974AA38-73EA-4386-BBB1-83FC52D2E374}"
EndProject
Global
	GlobalSection(SolutionConfigurationPlatforms) = preSolution
		Debug|Any CPU = Debug|Any CPU
		Release|Any CPU = Release|Any CPU
	EndGlobalSection
	GlobalSection(ProjectConfigurationPlatforms) = postSolution
		{B974AA38-73EA-4386-BBB1-83FC52D2E374}.Debug|Any CPU.ActiveCfg = Debug|Any CPU
		{B974AA38-73EA-4386-BBB1-83FC52D2E374}.Debug|Any CPU.Build.0 = Debug|Any CPU
		{B974AA38-73EA-4386-BBB1-83FC52D2E374}.Release|Any CPU.ActiveCfg = Release|Any CPU
		{B974AA38-73EA-4386-BBB1-83FC52D2E374}.Release|Any CPU.Build.0 = Release|Any CPU
	EndGlobalSection
	GlobalSection(SolutionProperties) = preSolution
		HideSolutionNode = FALSE
	EndGlobalSection
	GlobalSection(ExtensibilityGlobals) = postSolution
		SolutionGuid = {0220B5F1-9211-42BF-A368-A3137466BEDF}
	EndGlobalSection
EndGlobal
